# koka.lock -- generated by `koka fetch`; do not edit by hand.
version = 1
root = "strbuilder-bench"
koka = ">=3.2,<4"

[packages.bytes]
kind = "path"
path = "../../bytes"
checksum = "sha256:8f952f8879a94b5fd4dbdcdfcbf6827d298fb689e5903404b42d6e6bf0a9c744"
dependencies = ["kktest"]

[packages.kktest]
kind = "path"
path = "../../kktest"
checksum = "sha256:4c8203609360ae9a407ab933ceb40d3985b92751c49b4c6e3904fc21d4d4382a"
dependencies = []
