# koka.lock -- generated by `koka fetch`; do not edit by hand.
version = 1
root = "runtime"
koka = ">=3.2,<4"

[packages.bytes]
kind = "path"
path = "../bytes"
checksum = "sha256:4beed100d0cbe32c5b64f065f68b55bb5d735bc0d414a6f8f7f3f53ff0612f5b"
dependencies = ["kktest"]

[packages.kktest]
kind = "path"
path = "../kktest"
checksum = "sha256:ab48e4cc1cb572f1f3d676faa92c2155ae468c49cd0d0da795a39fe9e883f0ac"
dependencies = []

[packages.resource]
kind = "path"
path = "../resource"
checksum = "sha256:29e052c8effc32141be80fc0bd79cd684067d586e2ceacd28fd09e7ed5266b6d"
dependencies = ["kktest"]
