# koka.lock -- generated by `koka fetch`; do not edit by hand.
version = 1
root = "logging"
koka = ">=3.2,<4"

[packages.bytes]
kind = "path"
path = "../bytes"
checksum = "sha256:32e0d41d3fa1ad657dab4417b34b00666fcbdd2c36bff474fff755f26a0f7a9b"
dependencies = ["kktest"]

[packages.hashmap]
kind = "path"
path = "../hashmap"
checksum = "sha256:35bbd8bcc6a1f50eddd8332171883eb742c22c9bfd2486c1f881c1f21c894ccf"
dependencies = ["kktest"]

[packages.json]
kind = "path"
path = "../json"
checksum = "sha256:b33060202fbfe169f5026f1eea14417993db50f3831327a2f89aa146953a3ae2"
dependencies = ["bytes", "hashmap", "kktest", "strbuilder"]

[packages.kktest]
kind = "path"
path = "../kktest"
checksum = "sha256:2666b82481b230a478e8a4dd0ceecd18fea4acf1e1d82cc2313121e205167c13"
dependencies = []

[packages.strbuilder]
kind = "path"
path = "../strbuilder"
checksum = "sha256:d9ce54722521e1bab451b940b29e6b6a0ba90753417aa18f5aaf5361e0906839"
dependencies = ["bytes", "kktest"]
