# koka.lock -- generated by `koka fetch`; do not edit by hand.
version = 1
root = "logging"
koka = ">=3.2,<4"

[packages.bytes]
kind = "path"
path = "../bytes"
checksum = "sha256:de12bbb1f40812d4ddc74fa88e87005d82aa25d5c1f403991bc80e6cd83b0a03"
dependencies = ["kktest"]

[packages.hashmap]
kind = "path"
path = "../hashmap"
checksum = "sha256:3bc5315af9d6578ef56249bce02f1cc65cb9432a32db62f0ff51e48a000cc8d7"
dependencies = ["kktest"]

[packages.json]
kind = "path"
path = "../json"
checksum = "sha256:a278bfbab8261a9aa1bf458ba2c131272ee5a04ff76a56e5dc1efa4d4d8a462b"
dependencies = ["bytes", "hashmap", "kktest", "strbuilder"]

[packages.kktest]
kind = "path"
path = "../kktest"
checksum = "sha256:a6841b12d3085f9af3210c91dc680229f11628e3068d789f864d5b961ab776ef"
dependencies = []

[packages.strbuilder]
kind = "path"
path = "../strbuilder"
checksum = "sha256:30ab0de52e220c5d518483e34179c3b830f5ecacb7fea7e2dd7a25ba719aaa15"
dependencies = ["bytes", "kktest"]
