# koka.lock -- generated by `koka fetch`; do not edit by hand.
version = 1
root = "logging"
koka = ">=3.2,<4"

[packages.bytes]
kind = "path"
path = "../bytes"
checksum = "sha256:20465457be5bf6944e910dd505f15563ea578a267ef07bea64c5d672b3bcda7c"
dependencies = ["kktest"]

[packages.hashmap]
kind = "path"
path = "../hashmap"
checksum = "sha256:bfd1aaf9f7b22061a850ddcdce6206730827512418197629ec8af6a581b0316f"
dependencies = ["kktest"]

[packages.json]
kind = "path"
path = "../json"
checksum = "sha256:5ca41c9a6d3e484a17dd138e692f88177d2ffd3f4abc47e10defe6a2e4aab2ba"
dependencies = ["bytes", "hashmap", "kktest", "strbuilder"]

[packages.kktest]
kind = "path"
path = "../kktest"
checksum = "sha256:2666b82481b230a478e8a4dd0ceecd18fea4acf1e1d82cc2313121e205167c13"
dependencies = []

[packages.strbuilder]
kind = "path"
path = "../strbuilder"
checksum = "sha256:8334a58539ecb62f2edd3f016d287ead9db5d6084ba2526b9bfb230a600ca7b9"
dependencies = ["bytes", "kktest"]
