# koka.lock -- generated by `koka fetch`; do not edit by hand.
version = 1
root = "http"
koka = ">=3.2,<4"

[packages.bytes]
kind = "path"
path = "../bytes"
checksum = "sha256:20465457be5bf6944e910dd505f15563ea578a267ef07bea64c5d672b3bcda7c"
dependencies = ["kktest"]

[packages.hashmap]
kind = "path"
path = "../hashmap"
checksum = "sha256:1d30baa59b44d733cb11969917dcf6f8f2c1b018fe6385324c2a2c908dd8aae8"
dependencies = ["kktest"]

[packages.json]
kind = "path"
path = "../json"
checksum = "sha256:5ca41c9a6d3e484a17dd138e692f88177d2ffd3f4abc47e10defe6a2e4aab2ba"
dependencies = ["bytes", "hashmap", "kktest", "strbuilder"]

[packages.kktest]
kind = "path"
path = "../kktest"
checksum = "sha256:2666b82481b230a478e8a4dd0ceecd18fea4acf1e1d82cc2313121e205167c13"
dependencies = []

[packages.logging]
kind = "path"
path = "../logging"
checksum = "sha256:a41308bc79fbf3f2ad84afcd71cdcce20072da746a7edf6e16f8d446f54962d3"
dependencies = ["json", "kktest", "strbuilder"]

[packages.resource]
kind = "path"
path = "../resource"
checksum = "sha256:a4e18bcfa2f7dad46f04c6b6fd691e33d00252161547d41dd9eec2ca3f83eb57"
dependencies = ["kktest"]

[packages.runtime]
kind = "path"
path = "../runtime"
checksum = "sha256:1ff92222445427f3aaaa2aea06eae51ddc660bb9146519f5aff09508e5306d34"
dependencies = ["bytes", "kktest", "resource"]

[packages.strbuilder]
kind = "path"
path = "../strbuilder"
checksum = "sha256:8334a58539ecb62f2edd3f016d287ead9db5d6084ba2526b9bfb230a600ca7b9"
dependencies = ["bytes", "kktest"]
