# koka.lock -- generated by `koka fetch`; do not edit by hand.
version = 1
root = "http"
koka = ">=3.2,<4"

[packages.bytes]
kind = "path"
path = "../bytes"
checksum = "sha256:6e929fb770d95a353181a79a501dd4b09e6afd78422b339a49c2bee0fb210638"
dependencies = ["kktest"]

[packages.hashmap]
kind = "path"
path = "../hashmap"
checksum = "sha256:5d692b43642463756516ee2e78d438e8119d692336228151f850f3275690691b"
dependencies = ["kktest"]

[packages.json]
kind = "path"
path = "../json"
checksum = "sha256:bca33ee1cc246621282e88ef725229b0e8f56ac488ba5ce25d2ef0eab4a808c8"
dependencies = ["bytes", "hashmap", "kktest", "strbuilder"]

[packages.kktest]
kind = "path"
path = "../kktest"
checksum = "sha256:0211558fcfbd075a0100790a19a77e6ad85cfd756d33fe3e6271d6e3835a37a1"
dependencies = []

[packages.logging]
kind = "path"
path = "../logging"
checksum = "sha256:8bc11b478807f28052fa373ca28185a6b0a73a20cfbca0415228d648661f72ec"
dependencies = ["json", "kktest", "strbuilder"]

[packages.resource]
kind = "path"
path = "../resource"
checksum = "sha256:1694ddc310cd604554831179731da1c2f649b0cdfda6103a84020e68851d7057"
dependencies = ["kktest"]

[packages.runtime]
kind = "path"
path = "../runtime"
checksum = "sha256:dbb4b928556d17089cae9f446d3b8236010eb4580c3b87efb2ee0ec75f5453c4"
dependencies = ["bytes", "kktest", "resource"]

[packages.strbuilder]
kind = "path"
path = "../strbuilder"
checksum = "sha256:431a8275388bec11f20886f95d7683af3b1ef26474894c89570d1fdd40561947"
dependencies = ["bytes", "kktest"]
