# koka.lock -- generated by `koka fetch`; do not edit by hand.
version = 1
root = "http"
koka = ">=3.2,<4"

[packages.bytes]
kind = "path"
path = "../bytes"
checksum = "sha256:1c825927ae517e5e680c2ee42ae024ac433402e572f379bd2a76ce31398937ce"
dependencies = ["kktest"]

[packages.hashmap]
kind = "path"
path = "../hashmap"
checksum = "sha256:5d692b43642463756516ee2e78d438e8119d692336228151f850f3275690691b"
dependencies = ["kktest"]

[packages.json]
kind = "path"
path = "../json"
checksum = "sha256:888613c61ed3d649b9249bd5c44b1df7fdc405da18c0f9070db1919ec0345a86"
dependencies = ["bytes", "hashmap", "kktest", "strbuilder"]

[packages.kktest]
kind = "path"
path = "../kktest"
checksum = "sha256:0211558fcfbd075a0100790a19a77e6ad85cfd756d33fe3e6271d6e3835a37a1"
dependencies = []

[packages.logging]
kind = "path"
path = "../logging"
checksum = "sha256:5a054b73e5461727c23a45a0d63aa9a10fb3823cdc48b6ad15d13018a219958b"
dependencies = ["json", "kktest", "strbuilder"]

[packages.resource]
kind = "path"
path = "../resource"
checksum = "sha256:1694ddc310cd604554831179731da1c2f649b0cdfda6103a84020e68851d7057"
dependencies = ["kktest"]

[packages.runtime]
kind = "path"
path = "../runtime"
checksum = "sha256:d10d80f0bf8df8a0755e13fdd8984a830071a984fac4a5ce1c2e08b80755935a"
dependencies = ["bytes", "kktest", "resource"]

[packages.strbuilder]
kind = "path"
path = "../strbuilder"
checksum = "sha256:e02d0954dad2f12a98cbdde9ca782891eeb0e0ec98f2927eade93b6e782c445a"
dependencies = ["bytes", "kktest"]
