# koka.lock -- generated by `koka fetch`; do not edit by hand.
version = 1
root = "runtime-bench"
koka = ">=3.2,<4"

[packages.bytes]
kind = "path"
path = "../../bytes"
checksum = "sha256:f3f7042cb722098209db864feda197951e8f71e397ded4cca81492822793e2d1"
dependencies = ["kktest"]

[packages.kktest]
kind = "path"
path = "../../kktest"
checksum = "sha256:0211558fcfbd075a0100790a19a77e6ad85cfd756d33fe3e6271d6e3835a37a1"
dependencies = []

[packages.resource]
kind = "path"
path = "../../resource"
checksum = "sha256:1694ddc310cd604554831179731da1c2f649b0cdfda6103a84020e68851d7057"
dependencies = ["kktest"]
