# koka.lock -- generated by `koka fetch`; do not edit by hand.
version = 1
root = "sqlite-bench"
koka = ">=3.2,<4"

[packages.bytes]
kind = "path"
path = "../../bytes"
checksum = "sha256:87d35fe8c0faa1be01c610eccf7bea4afcb47e3d3f87d7f2e9f6d447344a24fd"
dependencies = ["kktest"]

[packages.kktest]
kind = "path"
path = "../../kktest"
checksum = "sha256:2666b82481b230a478e8a4dd0ceecd18fea4acf1e1d82cc2313121e205167c13"
dependencies = []

[packages.resource]
kind = "path"
path = "../../resource"
checksum = "sha256:ae6411fb372363a8ffb18e910f49ec18ab130b7a6fe324df2b7285f08c59958f"
dependencies = ["kktest"]
