# koka.lock -- generated by `koka fetch`; do not edit by hand.
version = 1
root = "json"
koka = ">=3.2,<4"

[packages.bytes]
kind = "path"
path = "../bytes"
checksum = "sha256:87d35fe8c0faa1be01c610eccf7bea4afcb47e3d3f87d7f2e9f6d447344a24fd"
dependencies = ["kktest"]

[packages.hashmap]
kind = "path"
path = "../hashmap"
checksum = "sha256:d0829b048f5ebd8d12772e24af21064f70ada47e93b0f9565d4e3af7929ffad8"
dependencies = ["kktest"]

[packages.kktest]
kind = "path"
path = "../kktest"
checksum = "sha256:2666b82481b230a478e8a4dd0ceecd18fea4acf1e1d82cc2313121e205167c13"
dependencies = []

[packages.strbuilder]
kind = "path"
path = "../strbuilder"
checksum = "sha256:b934200e5f0686f62b2d6577d96be191057ffe4acbf02d21303d98cbd324c31d"
dependencies = ["bytes", "kktest"]
