# koka.lock -- generated by `koka fetch`; do not edit by hand.
version = 1
root = "http-bench"
koka = ">=3.2,<4"

[packages.bytes]
kind = "path"
path = "../../bytes"
checksum = "sha256:de12bbb1f40812d4ddc74fa88e87005d82aa25d5c1f403991bc80e6cd83b0a03"
dependencies = ["kktest"]

[packages.hashmap]
kind = "path"
path = "../../hashmap"
checksum = "sha256:3bc5315af9d6578ef56249bce02f1cc65cb9432a32db62f0ff51e48a000cc8d7"
dependencies = ["kktest"]

[packages.json]
kind = "path"
path = "../../json"
checksum = "sha256:a278bfbab8261a9aa1bf458ba2c131272ee5a04ff76a56e5dc1efa4d4d8a462b"
dependencies = ["bytes", "hashmap", "kktest", "strbuilder"]

[packages.kktest]
kind = "path"
path = "../../kktest"
checksum = "sha256:a6841b12d3085f9af3210c91dc680229f11628e3068d789f864d5b961ab776ef"
dependencies = []

[packages.logging]
kind = "path"
path = "../../logging"
checksum = "sha256:f416b6c1fee9b0ac3eb3d46a5cc6bedae08d87afc9e38f2827dbf5c4f0281375"
dependencies = ["json", "kktest", "strbuilder"]

[packages.resource]
kind = "path"
path = "../../resource"
checksum = "sha256:44fc6eba3a3e6a5b231b0af1527c263a067ec7a9314a8bf719e45540fc80ae86"
dependencies = ["kktest"]

[packages.runtime]
kind = "path"
path = "../../runtime"
checksum = "sha256:d86c4988b21d98a4caeb01b385fa0e04148445b880815ea6b47fb57781833ec0"
dependencies = ["bytes", "kktest", "resource"]

[packages.strbuilder]
kind = "path"
path = "../../strbuilder"
checksum = "sha256:30ab0de52e220c5d518483e34179c3b830f5ecacb7fea7e2dd7a25ba719aaa15"
dependencies = ["bytes", "kktest"]
