# koka.lock -- generated by `koka fetch`; do not edit by hand.
version = 1
root = "fileio-bench"
koka = ">=3.2,<4"

[packages.bytes]
kind = "path"
path = "../../bytes"
checksum = "sha256:32e0d41d3fa1ad657dab4417b34b00666fcbdd2c36bff474fff755f26a0f7a9b"
dependencies = ["kktest"]

[packages.kktest]
kind = "path"
path = "../../kktest"
checksum = "sha256:2666b82481b230a478e8a4dd0ceecd18fea4acf1e1d82cc2313121e205167c13"
dependencies = []

[packages.resource]
kind = "path"
path = "../../resource"
checksum = "sha256:6a4cfbd9cca919d5f3249a16dd62df84f355c082aab1336e7705168e451a0841"
dependencies = ["kktest"]
