# koka.lock -- generated by `koka fetch`; do not edit by hand.
version = 1
root = "fileio-bench"
koka = ">=3.2,<4"

[packages.bytes]
kind = "path"
path = "../../bytes"
checksum = "sha256:f74b286f357799ed8e035a76b5202c6edfd6db89b3db9fdbb16158b60142fdde"
dependencies = ["kktest"]

[packages.kktest]
kind = "path"
path = "../../kktest"
checksum = "sha256:a6841b12d3085f9af3210c91dc680229f11628e3068d789f864d5b961ab776ef"
dependencies = []

[packages.resource]
kind = "path"
path = "../../resource"
checksum = "sha256:44fc6eba3a3e6a5b231b0af1527c263a067ec7a9314a8bf719e45540fc80ae86"
dependencies = ["kktest"]
