# koka.lock -- generated by `koka fetch`; do not edit by hand.
version = 1
root = "strbuilder"
koka = ">=3.2,<4"

[packages.bytes]
kind = "path"
path = "../bytes"
checksum = "sha256:197668e0a9746785cea86aa9cb62ac7bddcfef2aaead12a02d5159bcc3ecac12"
dependencies = ["kktest"]

[packages.kktest]
kind = "path"
path = "../kktest"
checksum = "sha256:c1c451b4d04fd95f78a2b37a7a6d508305c77874a14dc46107e6f9055a69dce1"
dependencies = []
