# koka.lock -- generated by `koka fetch`; do not edit by hand.
version = 1
root = "strbuilder"
koka = ">=3.2,<4"

[packages.bytes]
kind = "path"
path = "../bytes"
checksum = "sha256:1c825927ae517e5e680c2ee42ae024ac433402e572f379bd2a76ce31398937ce"
dependencies = ["kktest"]

[packages.kktest]
kind = "path"
path = "../kktest"
checksum = "sha256:0211558fcfbd075a0100790a19a77e6ad85cfd756d33fe3e6271d6e3835a37a1"
dependencies = []
